// !$*UTF8*$!
{
	archiveVersion = 1;
	classes = {
	};
	objectVersion = 46;
	objects = {

/* Begin PBXBuildFile section */
		0C15CA1B17451E2500068B1F /* UIKit.framework in Frameworks */ = {isa = PBXBuildFile; fileRef = 0C15CA1A17451E2500068B1F /* UIKit.framework */; };
		0C15CA1D17451E2500068B1F /* Foundation.framework in Frameworks */ = {isa = PBXBuildFile; fileRef = 0C15CA1C17451E2500068B1F /* Foundation.framework */; };
		0C15CA1F17451E2500068B1F /* CoreGraphics.framework in Frameworks */ = {isa = PBXBuildFile; fileRef = 0C15CA1E17451E2500068B1F /* CoreGraphics.framework */; };
		0C15CA2517451E2500068B1F /* InfoPlist.strings in Resources */ = {isa = PBXBuildFile; fileRef = 0C15CA2317451E2500068B1F /* InfoPlist.strings */; };
		0C15CA2717451E2500068B1F /* main.m in Sources */ = {isa = PBXBuildFile; fileRef = 0C15CA2617451E2500068B1F /* main.m */; };
		0C15CA2B17451E2500068B1F /* RSAppDelegate.m in Sources */ = {isa = PBXBuildFile; fileRef = 0C15CA2A17451E2500068B1F /* RSAppDelegate.m */; };
		0C15CA3417451E2500068B1F /* RSViewController.m in Sources */ = {isa = PBXBuildFile; fileRef = 0C15CA3317451E2500068B1F /* RSViewController.m */; };
		0C15CA3717451E2500068B1F /* RSViewController.xib in Resources */ = {isa = PBXBuildFile; fileRef = 0C15CA3517451E2500068B1F /* RSViewController.xib */; };
		0C7669DF174D05AA008B4F80 /* UIImage+ProportionalFill.m in Sources */ = {isa = PBXBuildFile; fileRef = 0C7669DC174D05AA008B4F80 /* UIImage+ProportionalFill.m */; };
		0C7669E0174D05AA008B4F80 /* UIImage+Tint.m in Sources */ = {isa = PBXBuildFile; fileRef = 0C7669DE174D05AA008B4F80 /* UIImage+Tint.m */; };
		0CF35B91182A52910018E0A9 /* Images.xcassets in Resources */ = {isa = PBXBuildFile; fileRef = 0CF35B90182A52910018E0A9 /* Images.xcassets */; };
/* End PBXBuildFile section */

/* Begin PBXFileReference section */
		0C15CA1717451E2500068B1F /* RSImageUtilities.app */ = {isa = PBXFileReference; explicitFileType = wrapper.application; includeInIndex = 0; path = RSImageUtilities.app; sourceTree = BUILT_PRODUCTS_DIR; };
		0C15CA1A17451E2500068B1F /* UIKit.framework */ = {isa = PBXFileReference; lastKnownFileType = wrapper.framework; name = UIKit.framework; path = System/Library/Frameworks/UIKit.framework; sourceTree = SDKROOT; };
		0C15CA1C17451E2500068B1F /* Foundation.framework */ = {isa = PBXFileReference; lastKnownFileType = wrapper.framework; name = Foundation.framework; path = System/Library/Frameworks/Foundation.framework; sourceTree = SDKROOT; };
		0C15CA1E17451E2500068B1F /* CoreGraphics.framework */ = {isa = PBXFileReference; lastKnownFileType = wrapper.framework; name = CoreGraphics.framework; path = System/Library/Frameworks/CoreGraphics.framework; sourceTree = SDKROOT; };
		0C15CA2217451E2500068B1F /* RSImageUtilities-Info.plist */ = {isa = PBXFileReference; lastKnownFileType = text.plist.xml; path = "RSImageUtilities-Info.plist"; sourceTree = "<group>"; };
		0C15CA2417451E2500068B1F /* en */ = {isa = PBXFileReference; lastKnownFileType = text.plist.strings; name = en; path = en.lproj/InfoPlist.strings; sourceTree = "<group>"; };
		0C15CA2617451E2500068B1F /* main.m */ = {isa = PBXFileReference; lastKnownFileType = sourcecode.c.objc; path = main.m; sourceTree = "<group>"; };
		0C15CA2817451E2500068B1F /* RSImageUtilities-Prefix.pch */ = {isa = PBXFileReference; lastKnownFileType = sourcecode.c.h; path = "RSImageUtilities-Prefix.pch"; sourceTree = "<group>"; };
		0C15CA2917451E2500068B1F /* RSAppDelegate.h */ = {isa = PBXFileReference; lastKnownFileType = sourcecode.c.h; path = RSAppDelegate.h; sourceTree = "<group>"; };
		0C15CA2A17451E2500068B1F /* RSAppDelegate.m */ = {isa = PBXFileReference; lastKnownFileType = sourcecode.c.objc; path = RSAppDelegate.m; sourceTree = "<group>"; };
		0C15CA3217451E2500068B1F /* RSViewController.h */ = {isa = PBXFileReference; lastKnownFileType = sourcecode.c.h; path = RSViewController.h; sourceTree = "<group>"; };
		0C15CA3317451E2500068B1F /* RSViewController.m */ = {isa = PBXFileReference; lastKnownFileType = sourcecode.c.objc; path = RSViewController.m; sourceTree = "<group>"; };
		0C15CA3617451E2500068B1F /* en */ = {isa = PBXFileReference; lastKnownFileType = file.xib; name = en; path = en.lproj/RSViewController.xib; sourceTree = "<group>"; };
		0C7669DA174D05AA008B4F80 /* RSImageUtilities.h */ = {isa = PBXFileReference; fileEncoding = 4; lastKnownFileType = sourcecode.c.h; path = RSImageUtilities.h; sourceTree = "<group>"; };
		0C7669DB174D05AA008B4F80 /* UIImage+ProportionalFill.h */ = {isa = PBXFileReference; fileEncoding = 4; lastKnownFileType = sourcecode.c.h; path = "UIImage+ProportionalFill.h"; sourceTree = "<group>"; };
		0C7669DC174D05AA008B4F80 /* UIImage+ProportionalFill.m */ = {isa = PBXFileReference; fileEncoding = 4; lastKnownFileType = sourcecode.c.objc; path = "UIImage+ProportionalFill.m"; sourceTree = "<group>"; };
		0C7669DD174D05AA008B4F80 /* UIImage+Tint.h */ = {isa = PBXFileReference; fileEncoding = 4; lastKnownFileType = sourcecode.c.h; path = "UIImage+Tint.h"; sourceTree = "<group>"; };
		0C7669DE174D05AA008B4F80 /* UIImage+Tint.m */ = {isa = PBXFileReference; fileEncoding = 4; lastKnownFileType = sourcecode.c.objc; path = "UIImage+Tint.m"; sourceTree = "<group>"; };
		0CF35B90182A52910018E0A9 /* Images.xcassets */ = {isa = PBXFileReference; lastKnownFileType = folder.assetcatalog; path = Images.xcassets; sourceTree = "<group>"; };
/* End PBXFileReference section */

/* Begin PBXFrameworksBuildPhase section */
		0C15CA1417451E2500068B1F /* Frameworks */ = {
			isa = PBXFrameworksBuildPhase;
			buildActionMask = 2147483647;
			files = (
				0C15CA1B17451E2500068B1F /* UIKit.framework in Frameworks */,
				0C15CA1D17451E2500068B1F /* Foundation.framework in Frameworks */,
				0C15CA1F17451E2500068B1F /* CoreGraphics.framework in Frameworks */,
			);
			runOnlyForDeploymentPostprocessing = 0;
		};
/* End PBXFrameworksBuildPhase section */

/* Begin PBXGroup section */
		0C15CA0E17451E2500068B1F = {
			isa = PBXGroup;
			children = (
				0C15CA2017451E2500068B1F /* RSImageUtilities */,
				0C15CA1917451E2500068B1F /* Frameworks */,
				0C15CA1817451E2500068B1F /* Products */,
			);
			sourceTree = "<group>";
		};
		0C15CA1817451E2500068B1F /* Products */ = {
			isa = PBXGroup;
			children = (
				0C15CA1717451E2500068B1F /* RSImageUtilities.app */,
			);
			name = Products;
			sourceTree = "<group>";
		};
		0C15CA1917451E2500068B1F /* Frameworks */ = {
			isa = PBXGroup;
			children = (
				0C15CA1A17451E2500068B1F /* UIKit.framework */,
				0C15CA1C17451E2500068B1F /* Foundation.framework */,
				0C15CA1E17451E2500068B1F /* CoreGraphics.framework */,
			);
			name = Frameworks;
			sourceTree = "<group>";
		};
		0C15CA2017451E2500068B1F /* RSImageUtilities */ = {
			isa = PBXGroup;
			children = (
				0C7669D9174D05AA008B4F80 /* Source */,
				0C15CA2917451E2500068B1F /* RSAppDelegate.h */,
				0C15CA2A17451E2500068B1F /* RSAppDelegate.m */,
				0C15CA3217451E2500068B1F /* RSViewController.h */,
				0C15CA3317451E2500068B1F /* RSViewController.m */,
				0C15CA3517451E2500068B1F /* RSViewController.xib */,
				0CF35B90182A52910018E0A9 /* Images.xcassets */,
				0C15CA2117451E2500068B1F /* Supporting Files */,
			);
			path = RSImageUtilities;
			sourceTree = "<group>";
		};
		0C15CA2117451E2500068B1F /* Supporting Files */ = {
			isa = PBXGroup;
			children = (
				0C15CA2217451E2500068B1F /* RSImageUtilities-Info.plist */,
				0C15CA2317451E2500068B1F /* InfoPlist.strings */,
				0C15CA2617451E2500068B1F /* main.m */,
				0C15CA2817451E2500068B1F /* RSImageUtilities-Prefix.pch */,
			);
			name = "Supporting Files";
			sourceTree = "<group>";
		};
		0C7669D9174D05AA008B4F80 /* Source */ = {
			isa = PBXGroup;
			children = (
				0C7669DA174D05AA008B4F80 /* RSImageUtilities.h */,
				0C7669DB174D05AA008B4F80 /* UIImage+ProportionalFill.h */,
				0C7669DC174D05AA008B4F80 /* UIImage+ProportionalFill.m */,
				0C7669DD174D05AA008B4F80 /* UIImage+Tint.h */,
				0C7669DE174D05AA008B4F80 /* UIImage+Tint.m */,
			);
			path = Source;
			sourceTree = "<group>";
		};
/* End PBXGroup section */

/* Begin PBXNativeTarget section */
		0C15CA1617451E2500068B1F /* RSImageUtilities */ = {
			isa = PBXNativeTarget;
			buildConfigurationList = 0C15CA3A17451E2500068B1F /* Build configuration list for PBXNativeTarget "RSImageUtilities" */;
			buildPhases = (
				0C15CA1317451E2500068B1F /* Sources */,
				0C15CA1417451E2500068B1F /* Frameworks */,
				0C15CA1517451E2500068B1F /* Resources */,
			);
			buildRules = (
			);
			dependencies = (
			);
			name = RSImageUtilities;
			productName = InnserShadow;
			productReference = 0C15CA1717451E2500068B1F /* RSImageUtilities.app */;
			productType = "com.apple.product-type.application";
		};
/* End PBXNativeTarget section */

/* Begin PBXProject section */
		0C15CA0F17451E2500068B1F /* Project object */ = {
			isa = PBXProject;
			attributes = {
				CLASSPREFIX = RS;
				LastUpgradeCheck = 0460;
				ORGANIZATIONNAME = Awkward;
			};
			buildConfigurationList = 0C15CA1217451E2500068B1F /* Build configuration list for PBXProject "RSImageUtilities" */;
			compatibilityVersion = "Xcode 3.2";
			developmentRegion = English;
			hasScannedForEncodings = 0;
			knownRegions = (
				en,
			);
			mainGroup = 0C15CA0E17451E2500068B1F;
			productRefGroup = 0C15CA1817451E2500068B1F /* Products */;
			projectDirPath = "";
			projectRoot = "";
			targets = (
				0C15CA1617451E2500068B1F /* RSImageUtilities */,
			);
		};
/* End PBXProject section */

/* Begin PBXResourcesBuildPhase section */
		0C15CA1517451E2500068B1F /* Resources */ = {
			isa = PBXResourcesBuildPhase;
			buildActionMask = 2147483647;
			files = (
				0C15CA2517451E2500068B1F /* InfoPlist.strings in Resources */,
				0CF35B91182A52910018E0A9 /* Images.xcassets in Resources */,
				0C15CA3717451E2500068B1F /* RSViewController.xib in Resources */,
			);
			runOnlyForDeploymentPostprocessing = 0;
		};
/* End PBXResourcesBuildPhase section */

/* Begin PBXSourcesBuildPhase section */
		0C15CA1317451E2500068B1F /* Sources */ = {
			isa = PBXSourcesBuildPhase;
			buildActionMask = 2147483647;
			files = (
				0C15CA2717451E2500068B1F /* main.m in Sources */,
				0C15CA2B17451E2500068B1F /* RSAppDelegate.m in Sources */,
				0C15CA3417451E2500068B1F /* RSViewController.m in Sources */,
				0C7669DF174D05AA008B4F80 /* UIImage+ProportionalFill.m in Sources */,
				0C7669E0174D05AA008B4F80 /* UIImage+Tint.m in Sources */,
			);
			runOnlyForDeploymentPostprocessing = 0;
		};
/* End PBXSourcesBuildPhase section */

/* Begin PBXVariantGroup section */
		0C15CA2317451E2500068B1F /* InfoPlist.strings */ = {
			isa = PBXVariantGroup;
			children = (
				0C15CA2417451E2500068B1F /* en */,
			);
			name = InfoPlist.strings;
			sourceTree = "<group>";
		};
		0C15CA3517451E2500068B1F /* RSViewController.xib */ = {
			isa = PBXVariantGroup;
			children = (
				0C15CA3617451E2500068B1F /* en */,
			);
			name = RSViewController.xib;
			sourceTree = "<group>";
		};
/* End PBXVariantGroup section */

/* Begin XCBuildConfiguration section */
		0C15CA3817451E2500068B1F /* Debug */ = {
			isa = XCBuildConfiguration;
			buildSettings = {
				ALWAYS_SEARCH_USER_PATHS = NO;
				CLANG_CXX_LANGUAGE_STANDARD = "gnu++0x";
				CLANG_CXX_LIBRARY = "libc++";
				CLANG_ENABLE_OBJC_ARC = YES;
				CLANG_WARN_CONSTANT_CONVERSION = YES;
				CLANG_WARN_EMPTY_BODY = YES;
				CLANG_WARN_ENUM_CONVERSION = YES;
				CLANG_WARN_INT_CONVERSION = YES;
				CLANG_WARN__DUPLICATE_METHOD_MATCH = YES;
				"CODE_SIGN_IDENTITY[sdk=iphoneos*]" = "iPhone Developer";
				COPY_PHASE_STRIP = NO;
				GCC_C_LANGUAGE_STANDARD = gnu99;
				GCC_DYNAMIC_NO_PIC = NO;
				GCC_OPTIMIZATION_LEVEL = 0;
				GCC_PREPROCESSOR_DEFINITIONS = (
					"DEBUG=1",
					"$(inherited)",
				);
				GCC_SYMBOLS_PRIVATE_EXTERN = NO;
				GCC_WARN_ABOUT_RETURN_TYPE = YES;
				GCC_WARN_UNINITIALIZED_AUTOS = YES;
				GCC_WARN_UNUSED_VARIABLE = YES;
				IPHONEOS_DEPLOYMENT_TARGET = 6.1;
				ONLY_ACTIVE_ARCH = YES;
				SDKROOT = iphoneos;
			};
			name = Debug;
		};
		0C15CA3917451E2500068B1F /* Release */ = {
			isa = XCBuildConfiguration;
			buildSettings = {
				ALWAYS_SEARCH_USER_PATHS = NO;
				CLANG_CXX_LANGUAGE_STANDARD = "gnu++0x";
				CLANG_CXX_LIBRARY = "libc++";
				CLANG_ENABLE_OBJC_ARC = YES;
				CLANG_WARN_CONSTANT_CONVERSION = YES;
				CLANG_WARN_EMPTY_BODY = YES;
				CLANG_WARN_ENUM_CONVERSION = YES;
				CLANG_WARN_INT_CONVERSION = YES;
				CLANG_WARN__DUPLICATE_METHOD_MATCH = YES;
				"CODE_SIGN_IDENTITY[sdk=iphoneos*]" = "iPhone Developer";
				COPY_PHASE_STRIP = YES;
				GCC_C_LANGUAGE_STANDARD = gnu99;
				GCC_WARN_ABOUT_RETURN_TYPE = YES;
				GCC_WARN_UNINITIALIZED_AUTOS = YES;
				GCC_WARN_UNUSED_VARIABLE = YES;
				IPHONEOS_DEPLOYMENT_TARGET = 6.1;
				OTHER_CFLAGS = "-DNS_BLOCK_ASSERTIONS=1";
				SDKROOT = iphoneos;
				VALIDATE_PRODUCT = YES;
			};
			name = Release;
		};
		0C15CA3B17451E2500068B1F /* Debug */ = {
			isa = XCBuildConfiguration;
			buildSettings = {
				ARCHS = "$(ARCHS_STANDARD_INCLUDING_64_BIT)";
				ASSETCATALOG_COMPILER_APPICON_NAME = AppIcon;
				ASSETCATALOG_COMPILER_LAUNCHIMAGE_NAME = LaunchImage;
				GCC_PRECOMPILE_PREFIX_HEADER = YES;
				GCC_PREFIX_HEADER = "RSImageUtilities/RSImageUtilities-Prefix.pch";
				INFOPLIST_FILE = "RSImageUtilities/RSImageUtilities-Info.plist";
				PRODUCT_NAME = RSImageUtilities;
				WRAPPER_EXTENSION = app;
			};
			name = Debug;
		};
		0C15CA3C17451E2500068B1F /* Release */ = {
			isa = XCBuildConfiguration;
			buildSettings = {
				ARCHS = "$(ARCHS_STANDARD_INCLUDING_64_BIT)";
				ASSETCATALOG_COMPILER_APPICON_NAME = AppIcon;
				ASSETCATALOG_COMPILER_LAUNCHIMAGE_NAME = LaunchImage;
				GCC_PRECOMPILE_PREFIX_HEADER = YES;
				GCC_PREFIX_HEADER = "RSImageUtilities/RSImageUtilities-Prefix.pch";
				INFOPLIST_FILE = "RSImageUtilities/RSImageUtilities-Info.plist";
				PRODUCT_NAME = RSImageUtilities;
				WRAPPER_EXTENSION = app;
			};
			name = Release;
		};
/* End XCBuildConfiguration section */

/* Begin XCConfigurationList section */
		0C15CA1217451E2500068B1F /* Build configuration list for PBXProject "RSImageUtilities" */ = {
			isa = XCConfigurationList;
			buildConfigurations = (
				0C15CA3817451E2500068B1F /* Debug */,
				0C15CA3917451E2500068B1F /* Release */,
			);
			defaultConfigurationIsVisible = 0;
			defaultConfigurationName = Release;
		};
		0C15CA3A17451E2500068B1F /* Build configuration list for PBXNativeTarget "RSImageUtilities" */ = {
			isa = XCConfigurationList;
			buildConfigurations = (
				0C15CA3B17451E2500068B1F /* Debug */,
				0C15CA3C17451E2500068B1F /* Release */,
			);
			defaultConfigurationIsVisible = 0;
			defaultConfigurationName = Release;
		};
/* End XCConfigurationList section */
	};
	rootObject = 0C15CA0F17451E2500068B1F /* Project object */;
}
